
Microsoft Visual Studio Solution File, Format Version 12.00
# Visual Studio Version 17
VisualStudioVersion = 17.8.34330.188
MinimumVisualStudioVersion = 10.0.40219.1
Project("{FAE04EC0-301F-11D3-BF4B-00C04F79EFBC}") = "AACSharp_Odev_2_Abstraction", "AACSharp_Odev_2_Abstraction\AACSharp_Odev_2_Abstraction.csproj", "{2B151B39-5EB0-410D-9BFB-AB71E09B2793}"
EndProject
Global
	GlobalSection(SolutionConfigurationPlatforms) = preSolution
		Debug|Any CPU = Debug|Any CPU
		Release|Any CPU = Release|Any CPU
	EndGlobalSection
	GlobalSection(ProjectConfigurationPlatforms) = postSolution
		{2B151B39-5EB0-410D-9BFB-AB71E09B2793}.Debug|Any CPU.ActiveCfg = Debug|Any CPU
		{2B151B39-5EB0-410D-9BFB-AB71E09B2793}.Debug|Any CPU.Build.0 = Debug|Any CPU
		{2B151B39-5EB0-410D-9BFB-AB71E09B2793}.Release|Any CPU.ActiveCfg = Release|Any CPU
		{2B151B39-5EB0-410D-9BFB-AB71E09B2793}.Release|Any CPU.Build.0 = Release|Any CPU
	EndGlobalSection
	GlobalSection(SolutionProperties) = preSolution
		HideSolutionNode = FALSE
	EndGlobalSection
	GlobalSection(ExtensibilityGlobals) = postSolution
		SolutionGuid = {5E1588F1-ED8C-4BBD-989F-584254FA320E}
	EndGlobalSection
EndGlobal
